// !$*UTF8*$!
{
	archiveVersion = 1;
	classes = {
	};
	objectVersion = 50;
	objects = {

/* Begin PBXBuildFile section */
		7F5601972470A88400F80FA9 /* AppDelegate.swift in Sources */ = {isa = PBXBuildFile; fileRef = 7F5601962470A88400F80FA9 /* AppDelegate.swift */; };
		7F5601992470A88400F80FA9 /* SceneDelegate.swift in Sources */ = {isa = PBXBuildFile; fileRef = 7F5601982470A88400F80FA9 /* SceneDelegate.swift */; };
		7F56019D2470A88600F80FA9 /* Assets.xcassets in Resources */ = {isa = PBXBuildFile; fileRef = 7F56019C2470A88600F80FA9 /* Assets.xcassets */; };
		7F5601A02470A88600F80FA9 /* Preview Assets.xcassets in Resources */ = {isa = PBXBuildFile; fileRef = 7F56019F2470A88600F80FA9 /* Preview Assets.xcassets */; };
		7F5601A32470A88600F80FA9 /* LaunchScreen.storyboard in Resources */ = {isa = PBXBuildFile; fileRef = 7F5601A12470A88600F80FA9 /* LaunchScreen.storyboard */; };
		7F5601AB24711C0300F80FA9 /* NetworkingManager.swift in Sources */ = {isa = PBXBuildFile; fileRef = 7F5601AA24711C0300F80FA9 /* NetworkingManager.swift */; };
		7F5601B224711D7B00F80FA9 /* Quake.swift in Sources */ = {isa = PBXBuildFile; fileRef = 7F5601B124711D7B00F80FA9 /* Quake.swift */; };
		7F5601B5247127B200F80FA9 /* CellRow.swift in Sources */ = {isa = PBXBuildFile; fileRef = 7F5601B4247127B200F80FA9 /* CellRow.swift */; };
		7F6113BD24755FBF00BB5FC4 /* ContentView.swift in Sources */ = {isa = PBXBuildFile; fileRef = 7F56019A2470A88400F80FA9 /* ContentView.swift */; };
		7F6113BF247567BD00BB5FC4 /* QuakeDetails.swift in Sources */ = {isa = PBXBuildFile; fileRef = 7F6113BE247567BD00BB5FC4 /* QuakeDetails.swift */; };
/* End PBXBuildFile section */

/* Begin PBXFileReference section */
		7F5601932470A88400F80FA9 /* Seismos.app */ = {isa = PBXFileReference; explicitFileType = wrapper.application; includeInIndex = 0; path = Seismos.app; sourceTree = BUILT_PRODUCTS_DIR; };
		7F5601962470A88400F80FA9 /* AppDelegate.swift */ = {isa = PBXFileReference; lastKnownFileType = sourcecode.swift; path = AppDelegate.swift; sourceTree = "<group>"; };
		7F5601982470A88400F80FA9 /* SceneDelegate.swift */ = {isa = PBXFileReference; lastKnownFileType = sourcecode.swift; path = SceneDelegate.swift; sourceTree = "<group>"; };
		7F56019A2470A88400F80FA9 /* ContentView.swift */ = {isa = PBXFileReference; lastKnownFileType = sourcecode.swift; path = ContentView.swift; sourceTree = "<group>"; };
		7F56019C2470A88600F80FA9 /* Assets.xcassets */ = {isa = PBXFileReference; lastKnownFileType = folder.assetcatalog; path = Assets.xcassets; sourceTree = "<group>"; };
		7F56019F2470A88600F80FA9 /* Preview Assets.xcassets */ = {isa = PBXFileReference; lastKnownFileType = folder.assetcatalog; path = "Preview Assets.xcassets"; sourceTree = "<group>"; };
		7F5601A22470A88600F80FA9 /* Base */ = {isa = PBXFileReference; lastKnownFileType = file.storyboard; name = Base; path = Base.lproj/LaunchScreen.storyboard; sourceTree = "<group>"; };
		7F5601A42470A88600F80FA9 /* Info.plist */ = {isa = PBXFileReference; lastKnownFileType = text.plist.xml; path = Info.plist; sourceTree = "<group>"; };
		7F5601AA24711C0300F80FA9 /* NetworkingManager.swift */ = {isa = PBXFileReference; lastKnownFileType = sourcecode.swift; path = NetworkingManager.swift; sourceTree = "<group>"; };
		7F5601B124711D7B00F80FA9 /* Quake.swift */ = {isa = PBXFileReference; lastKnownFileType = sourcecode.swift; path = Quake.swift; sourceTree = "<group>"; };
		7F5601B4247127B200F80FA9 /* CellRow.swift */ = {isa = PBXFileReference; lastKnownFileType = sourcecode.swift; path = CellRow.swift; sourceTree = "<group>"; };
		7F6113BE247567BD00BB5FC4 /* QuakeDetails.swift */ = {isa = PBXFileReference; lastKnownFileType = sourcecode.swift; path = QuakeDetails.swift; sourceTree = "<group>"; };
/* End PBXFileReference section */

/* Begin PBXFrameworksBuildPhase section */
		7F5601902470A88400F80FA9 /* Frameworks */ = {
			isa = PBXFrameworksBuildPhase;
			buildActionMask = 2147483647;
			files = (
			);
			runOnlyForDeploymentPostprocessing = 0;
		};
/* End PBXFrameworksBuildPhase section */

/* Begin PBXGroup section */
		7F56018A2470A88400F80FA9 = {
			isa = PBXGroup;
			children = (
				7F5601952470A88400F80FA9 /* Seismos */,
				7F5601942470A88400F80FA9 /* Products */,
			);
			sourceTree = "<group>";
		};
		7F5601942470A88400F80FA9 /* Products */ = {
			isa = PBXGroup;
			children = (
				7F5601932470A88400F80FA9 /* Seismos.app */,
			);
			name = Products;
			sourceTree = "<group>";
		};
		7F5601952470A88400F80FA9 /* Seismos */ = {
			isa = PBXGroup;
			children = (
				7F5601B32471278D00F80FA9 /* Views */,
				7F5601962470A88400F80FA9 /* AppDelegate.swift */,
				7F5601AE24711D3400F80FA9 /* Models */,
				7F5601982470A88400F80FA9 /* SceneDelegate.swift */,
				7F56019A2470A88400F80FA9 /* ContentView.swift */,
				7F56019C2470A88600F80FA9 /* Assets.xcassets */,
				7F5601A12470A88600F80FA9 /* LaunchScreen.storyboard */,
				7F5601A42470A88600F80FA9 /* Info.plist */,
				7F56019E2470A88600F80FA9 /* Preview Content */,
				7F5601AA24711C0300F80FA9 /* NetworkingManager.swift */,
			);
			path = Seismos;
			sourceTree = "<group>";
		};
		7F56019E2470A88600F80FA9 /* Preview Content */ = {
			isa = PBXGroup;
			children = (
				7F56019F2470A88600F80FA9 /* Preview Assets.xcassets */,
			);
			path = "Preview Content";
			sourceTree = "<group>";
		};
		7F5601AE24711D3400F80FA9 /* Models */ = {
			isa = PBXGroup;
			children = (
				7F5601B124711D7B00F80FA9 /* Quake.swift */,
			);
			path = Models;
			sourceTree = "<group>";
		};
		7F5601B32471278D00F80FA9 /* Views */ = {
			isa = PBXGroup;
			children = (
				7F5601B4247127B200F80FA9 /* CellRow.swift */,
				7F6113BE247567BD00BB5FC4 /* QuakeDetails.swift */,
			);
			path = Views;
			sourceTree = "<group>";
		};
/* End PBXGroup section */

/* Begin PBXNativeTarget section */
		7F5601922470A88400F80FA9 /* Seismos */ = {
			isa = PBXNativeTarget;
			buildConfigurationList = 7F5601A72470A88600F80FA9 /* Build configuration list for PBXNativeTarget "Seismos" */;
			buildPhases = (
				7F56018F2470A88400F80FA9 /* Sources */,
				7F5601902470A88400F80FA9 /* Frameworks */,
				7F5601912470A88400F80FA9 /* Resources */,
			);
			buildRules = (
			);
			dependencies = (
			);
			name = Seismos;
			productName = Seismos;
			productReference = 7F5601932470A88400F80FA9 /* Seismos.app */;
			productType = "com.apple.product-type.application";
		};
/* End PBXNativeTarget section */

/* Begin PBXProject section */
		7F56018B2470A88400F80FA9 /* Project object */ = {
			isa = PBXProject;
			attributes = {
				LastSwiftUpdateCheck = 1130;
				LastUpgradeCheck = 1130;
				ORGANIZATIONNAME = "Aanuoluwa Otitoola";
				TargetAttributes = {
					7F5601922470A88400F80FA9 = {
						CreatedOnToolsVersion = 11.3.1;
					};
				};
			};
			buildConfigurationList = 7F56018E2470A88400F80FA9 /* Build configuration list for PBXProject "Seismos" */;
			compatibilityVersion = "Xcode 9.3";
			developmentRegion = en;
			hasScannedForEncodings = 0;
			knownRegions = (
				en,
				Base,
			);
			mainGroup = 7F56018A2470A88400F80FA9;
			productRefGroup = 7F5601942470A88400F80FA9 /* Products */;
			projectDirPath = "";
			projectRoot = "";
			targets = (
				7F5601922470A88400F80FA9 /* Seismos */,
			);
		};
/* End PBXProject section */

/* Begin PBXResourcesBuildPhase section */
		7F5601912470A88400F80FA9 /* Resources */ = {
			isa = PBXResourcesBuildPhase;
			buildActionMask = 2147483647;
			files = (
				7F5601A32470A88600F80FA9 /* LaunchScreen.storyboard in Resources */,
				7F5601A02470A88600F80FA9 /* Preview Assets.xcassets in Resources */,
				7F56019D2470A88600F80FA9 /* Assets.xcassets in Resources */,
			);
			runOnlyForDeploymentPostprocessing = 0;
		};
/* End PBXResourcesBuildPhase section */

/* Begin PBXSourcesBuildPhase section */
		7F56018F2470A88400F80FA9 /* Sources */ = {
			isa = PBXSourcesBuildPhase;
			buildActionMask = 2147483647;
			files = (
				7F6113BF247567BD00BB5FC4 /* QuakeDetails.swift in Sources */,
				7F5601972470A88400F80FA9 /* AppDelegate.swift in Sources */,
				7F5601AB24711C0300F80FA9 /* NetworkingManager.swift in Sources */,
				7F6113BD24755FBF00BB5FC4 /* ContentView.swift in Sources */,
				7F5601B224711D7B00F80FA9 /* Quake.swift in Sources */,
				7F5601992470A88400F80FA9 /* SceneDelegate.swift in Sources */,
				7F5601B5247127B200F80FA9 /* CellRow.swift in Sources */,
			);
			runOnlyForDeploymentPostprocessing = 0;
		};
/* End PBXSourcesBuildPhase section */

/* Begin PBXVariantGroup section */
		7F5601A12470A88600F80FA9 /* LaunchScreen.storyboard */ = {
			isa = PBXVariantGroup;
			children = (
				7F5601A22470A88600F80FA9 /* Base */,
			);
			name = LaunchScreen.storyboard;
			sourceTree = "<group>";
		};
/* End PBXVariantGroup section */

/* Begin XCBuildConfiguration section */
		7F5601A52470A88600F80FA9 /* Debug */ = {
			isa = XCBuildConfiguration;
			buildSettings = {
				ALWAYS_SEARCH_USER_PATHS = NO;
				CLANG_ANALYZER_NONNULL = YES;
				CLANG_ANALYZER_NUMBER_OBJECT_CONVERSION = YES_AGGRESSIVE;
				CLANG_CXX_LANGUAGE_STANDARD = "gnu++14";
				CLANG_CXX_LIBRARY = "libc++";
				CLANG_ENABLE_MODULES = YES;
				CLANG_ENABLE_OBJC_ARC = YES;
				CLANG_ENABLE_OBJC_WEAK = YES;
				CLANG_WARN_BLOCK_CAPTURE_AUTORELEASING = YES;
				CLANG_WARN_BOOL_CONVERSION = YES;
				CLANG_WARN_COMMA = YES;
				CLANG_WARN_CONSTANT_CONVERSION = YES;
				CLANG_WARN_DEPRECATED_OBJC_IMPLEMENTATIONS = YES;
				CLANG_WARN_DIRECT_OBJC_ISA_USAGE = YES_ERROR;
				CLANG_WARN_DOCUMENTATION_COMMENTS = YES;
				CLANG_WARN_EMPTY_BODY = YES;
				CLANG_WARN_ENUM_CONVERSION = YES;
				CLANG_WARN_INFINITE_RECURSION = YES;
				CLANG_WARN_INT_CONVERSION = YES;
				CLANG_WARN_NON_LITERAL_NULL_CONVERSION = YES;
				CLANG_WARN_OBJC_IMPLICIT_RETAIN_SELF = YES;
				CLANG_WARN_OBJC_LITERAL_CONVERSION = YES;
				CLANG_WARN_OBJC_ROOT_CLASS = YES_ERROR;
				CLANG_WARN_RANGE_LOOP_ANALYSIS = YES;
				CLANG_WARN_STRICT_PROTOTYPES = YES;
				CLANG_WARN_SUSPICIOUS_MOVE = YES;
				CLANG_WARN_UNGUARDED_AVAILABILITY = YES_AGGRESSIVE;
				CLANG_WARN_UNREACHABLE_CODE = YES;
				CLANG_WARN__DUPLICATE_METHOD_MATCH = YES;
				COPY_PHASE_STRIP = NO;
				DEBUG_INFORMATION_FORMAT = dwarf;
				ENABLE_STRICT_OBJC_MSGSEND = YES;
				ENABLE_TESTABILITY = YES;
				GCC_C_LANGUAGE_STANDARD = gnu11;
				GCC_DYNAMIC_NO_PIC = NO;
				GCC_NO_COMMON_BLOCKS = YES;
				GCC_OPTIMIZATION_LEVEL = 0;
				GCC_PREPROCESSOR_DEFINITIONS = (
					"DEBUG=1",
					"$(inherited)",
				);
				GCC_WARN_64_TO_32_BIT_CONVERSION = YES;
				GCC_WARN_ABOUT_RETURN_TYPE = YES_ERROR;
				GCC_WARN_UNDECLARED_SELECTOR = YES;
				GCC_WARN_UNINITIALIZED_AUTOS = YES_AGGRESSIVE;
				GCC_WARN_UNUSED_FUNCTION = YES;
				GCC_WARN_UNUSED_VARIABLE = YES;
				IPHONEOS_DEPLOYMENT_TARGET = 13.2;
				MTL_ENABLE_DEBUG_INFO = INCLUDE_SOURCE;
				MTL_FAST_MATH = YES;
				ONLY_ACTIVE_ARCH = YES;
				SDKROOT = iphoneos;
				SWIFT_ACTIVE_COMPILATION_CONDITIONS = DEBUG;
				SWIFT_OPTIMIZATION_LEVEL = "-Onone";
			};
			name = Debug;
		};
		7F5601A62470A88600F80FA9 /* Release */ = {
			isa = XCBuildConfiguration;
			buildSettings = {
				ALWAYS_SEARCH_USER_PATHS = NO;
				CLANG_ANALYZER_NONNULL = YES;
				CLANG_ANALYZER_NUMBER_OBJECT_CONVERSION = YES_AGGRESSIVE;
				CLANG_CXX_LANGUAGE_STANDARD = "gnu++14";
				CLANG_CXX_LIBRARY = "libc++";
				CLANG_ENABLE_MODULES = YES;
				CLANG_ENABLE_OBJC_ARC = YES;
				CLANG_ENABLE_OBJC_WEAK = YES;
				CLANG_WARN_BLOCK_CAPTURE_AUTORELEASING = YES;
				CLANG_WARN_BOOL_CONVERSION = YES;
				CLANG_WARN_COMMA = YES;
				CLANG_WARN_CONSTANT_CONVERSION = YES;
				CLANG_WARN_DEPRECATED_OBJC_IMPLEMENTATIONS = YES;
				CLANG_WARN_DIRECT_OBJC_ISA_USAGE = YES_ERROR;
				CLANG_WARN_DOCUMENTATION_COMMENTS = YES;
				CLANG_WARN_EMPTY_BODY = YES;
				CLANG_WARN_ENUM_CONVERSION = YES;
				CLANG_WARN_INFINITE_RECURSION = YES;
				CLANG_WARN_INT_CONVERSION = YES;
				CLANG_WARN_NON_LITERAL_NULL_CONVERSION = YES;
				CLANG_WARN_OBJC_IMPLICIT_RETAIN_SELF = YES;
				CLANG_WARN_OBJC_LITERAL_CONVERSION = YES;
				CLANG_WARN_OBJC_ROOT_CLASS = YES_ERROR;
				CLANG_WARN_RANGE_LOOP_ANALYSIS = YES;
				CLANG_WARN_STRICT_PROTOTYPES = YES;
				CLANG_WARN_SUSPICIOUS_MOVE = YES;
				CLANG_WARN_UNGUARDED_AVAILABILITY = YES_AGGRESSIVE;
				CLANG_WARN_UNREACHABLE_CODE = YES;
				CLANG_WARN__DUPLICATE_METHOD_MATCH = YES;
				COPY_PHASE_STRIP = NO;
				DEBUG_INFORMATION_FORMAT = "dwarf-with-dsym";
				ENABLE_NS_ASSERTIONS = NO;
				ENABLE_STRICT_OBJC_MSGSEND = YES;
				GCC_C_LANGUAGE_STANDARD = gnu11;
				GCC_NO_COMMON_BLOCKS = YES;
				GCC_WARN_64_TO_32_BIT_CONVERSION = YES;
				GCC_WARN_ABOUT_RETURN_TYPE = YES_ERROR;
				GCC_WARN_UNDECLARED_SELECTOR = YES;
				GCC_WARN_UNINITIALIZED_AUTOS = YES_AGGRESSIVE;
				GCC_WARN_UNUSED_FUNCTION = YES;
				GCC_WARN_UNUSED_VARIABLE = YES;
				IPHONEOS_DEPLOYMENT_TARGET = 13.2;
				MTL_ENABLE_DEBUG_INFO = NO;
				MTL_FAST_MATH = YES;
				SDKROOT = iphoneos;
				SWIFT_COMPILATION_MODE = wholemodule;
				SWIFT_OPTIMIZATION_LEVEL = "-O";
				VALIDATE_PRODUCT = YES;
			};
			name = Release;
		};
		7F5601A82470A88600F80FA9 /* Debug */ = {
			isa = XCBuildConfiguration;
			buildSettings = {
				ASSETCATALOG_COMPILER_APPICON_NAME = AppIcon;
				CODE_SIGN_STYLE = Automatic;
				DEVELOPMENT_ASSET_PATHS = "\"Seismos/Preview Content\"";
				ENABLE_PREVIEWS = YES;
				INFOPLIST_FILE = Seismos/Info.plist;
				LD_RUNPATH_SEARCH_PATHS = (
					"$(inherited)",
					"@executable_path/Frameworks",
				);
				PRODUCT_BUNDLE_IDENTIFIER = com.learn.Seismos;
				PRODUCT_NAME = "$(TARGET_NAME)";
				SWIFT_VERSION = 5.0;
				TARGETED_DEVICE_FAMILY = "1,2";
			};
			name = Debug;
		};
		7F5601A92470A88600F80FA9 /* Release */ = {
			isa = XCBuildConfiguration;
			buildSettings = {
				ASSETCATALOG_COMPILER_APPICON_NAME = AppIcon;
				CODE_SIGN_STYLE = Automatic;
				DEVELOPMENT_ASSET_PATHS = "\"Seismos/Preview Content\"";
				ENABLE_PREVIEWS = YES;
				INFOPLIST_FILE = Seismos/Info.plist;
				LD_RUNPATH_SEARCH_PATHS = (
					"$(inherited)",
					"@executable_path/Frameworks",
				);
				PRODUCT_BUNDLE_IDENTIFIER = com.learn.Seismos;
				PRODUCT_NAME = "$(TARGET_NAME)";
				SWIFT_VERSION = 5.0;
				TARGETED_DEVICE_FAMILY = "1,2";
			};
			name = Release;
		};
/* End XCBuildConfiguration section */

/* Begin XCConfigurationList section */
		7F56018E2470A88400F80FA9 /* Build configuration list for PBXProject "Seismos" */ = {
			isa = XCConfigurationList;
			buildConfigurations = (
				7F5601A52470A88600F80FA9 /* Debug */,
				7F5601A62470A88600F80FA9 /* Release */,
			);
			defaultConfigurationIsVisible = 0;
			defaultConfigurationName = Release;
		};
		7F5601A72470A88600F80FA9 /* Build configuration list for PBXNativeTarget "Seismos" */ = {
			isa = XCConfigurationList;
			buildConfigurations = (
				7F5601A82470A88600F80FA9 /* Debug */,
				7F5601A92470A88600F80FA9 /* Release */,
			);
			defaultConfigurationIsVisible = 0;
			defaultConfigurationName = Release;
		};
/* End XCConfigurationList section */
	};
	rootObject = 7F56018B2470A88400F80FA9 /* Project object */;
}
